// !$*UTF8*$!
{
	archiveVersion = 1;
	classes = {
	};
	objectVersion = 46;
	objects = {

/* Begin PBXBuildFile section */
		55F870A51CD7F228000564BB /* AppDelegate.swift in Sources */ = {isa = PBXBuildFile; fileRef = 55F870A41CD7F228000564BB /* AppDelegate.swift */; };
		55F870A71CD7F228000564BB /* MainViewController.swift in Sources */ = {isa = PBXBuildFile; fileRef = 55F870A61CD7F228000564BB /* MainViewController.swift */; };
		55F870AA1CD7F228000564BB /* Main.storyboard in Resources */ = {isa = PBXBuildFile; fileRef = 55F870A81CD7F228000564BB /* Main.storyboard */; };
		55F870AC1CD7F228000564BB /* Assets.xcassets in Resources */ = {isa = PBXBuildFile; fileRef = 55F870AB1CD7F228000564BB /* Assets.xcassets */; };
		55F870AF1CD7F228000564BB /* LaunchScreen.storyboard in Resources */ = {isa = PBXBuildFile; fileRef = 55F870AD1CD7F228000564BB /* LaunchScreen.storyboard */; };
/* End PBXBuildFile section */

/* Begin PBXFileReference section */
		55F870A11CD7F228000564BB /* GrokJSON.app */ = {isa = PBXFileReference; explicitFileType = wrapper.application; includeInIndex = 0; path = GrokJSON.app; sourceTree = BUILT_PRODUCTS_DIR; };
		55F870A41CD7F228000564BB /* AppDelegate.swift */ = {isa = PBXFileReference; lastKnownFileType = sourcecode.swift; path = AppDelegate.swift; sourceTree = "<group>"; };
		55F870A61CD7F228000564BB /* MainViewController.swift */ = {isa = PBXFileReference; lastKnownFileType = sourcecode.swift; path = MainViewController.swift; sourceTree = "<group>"; };
		55F870A91CD7F228000564BB /* Base */ = {isa = PBXFileReference; lastKnownFileType = file.storyboard; name = Base; path = Base.lproj/Main.storyboard; sourceTree = "<group>"; };
		55F870AB1CD7F228000564BB /* Assets.xcassets */ = {isa = PBXFileReference; lastKnownFileType = folder.assetcatalog; path = Assets.xcassets; sourceTree = "<group>"; };
		55F870AE1CD7F228000564BB /* Base */ = {isa = PBXFileReference; lastKnownFileType = file.storyboard; name = Base; path = Base.lproj/LaunchScreen.storyboard; sourceTree = "<group>"; };
		55F870B01CD7F228000564BB /* Info.plist */ = {isa = PBXFileReference; lastKnownFileType = text.plist.xml; path = Info.plist; sourceTree = "<group>"; };
/* End PBXFileReference section */

/* Begin PBXFrameworksBuildPhase section */
		55F8709E1CD7F228000564BB /* Frameworks */ = {
			isa = PBXFrameworksBuildPhase;
			buildActionMask = 2147483647;
			files = (
			);
			runOnlyForDeploymentPostprocessing = 0;
		};
/* End PBXFrameworksBuildPhase section */

/* Begin PBXGroup section */
		55F870981CD7F228000564BB = {
			isa = PBXGroup;
			children = (
				55F870A31CD7F228000564BB /* GrokJSON */,
				55F870A21CD7F228000564BB /* Products */,
			);
			sourceTree = "<group>";
		};
		55F870A21CD7F228000564BB /* Products */ = {
			isa = PBXGroup;
			children = (
				55F870A11CD7F228000564BB /* GrokJSON.app */,
			);
			name = Products;
			sourceTree = "<group>";
		};
		55F870A31CD7F228000564BB /* GrokJSON */ = {
			isa = PBXGroup;
			children = (
				55F870A41CD7F228000564BB /* AppDelegate.swift */,
				55F870A61CD7F228000564BB /* MainViewController.swift */,
				55F870A81CD7F228000564BB /* Main.storyboard */,
				55F870AB1CD7F228000564BB /* Assets.xcassets */,
				55F870AD1CD7F228000564BB /* LaunchScreen.storyboard */,
				55F870B01CD7F228000564BB /* Info.plist */,
			);
			path = GrokJSON;
			sourceTree = "<group>";
		};
/* End PBXGroup section */

/* Begin PBXNativeTarget section */
		55F870A01CD7F228000564BB /* GrokJSON */ = {
			isa = PBXNativeTarget;
			buildConfigurationList = 55F870B31CD7F228000564BB /* Build configuration list for PBXNativeTarget "GrokJSON" */;
			buildPhases = (
				55F8709D1CD7F228000564BB /* Sources */,
				55F8709E1CD7F228000564BB /* Frameworks */,
				55F8709F1CD7F228000564BB /* Resources */,
			);
			buildRules = (
			);
			dependencies = (
			);
			name = GrokJSON;
			productName = GrokJSON;
			productReference = 55F870A11CD7F228000564BB /* GrokJSON.app */;
			productType = "com.apple.product-type.application";
		};
/* End PBXNativeTarget section */

/* Begin PBXProject section */
		55F870991CD7F228000564BB /* Project object */ = {
			isa = PBXProject;
			attributes = {
				LastSwiftUpdateCheck = 0730;
				LastUpgradeCheck = 0730;
				ORGANIZATIONNAME = FernandoMarins;
				TargetAttributes = {
					55F870A01CD7F228000564BB = {
						CreatedOnToolsVersion = 7.3;
					};
				};
			};
			buildConfigurationList = 55F8709C1CD7F228000564BB /* Build configuration list for PBXProject "GrokJSON" */;
			compatibilityVersion = "Xcode 3.2";
			developmentRegion = English;
			hasScannedForEncodings = 0;
			knownRegions = (
				en,
				Base,
			);
			mainGroup = 55F870981CD7F228000564BB;
			productRefGroup = 55F870A21CD7F228000564BB /* Products */;
			projectDirPath = "";
			projectRoot = "";
			targets = (
				55F870A01CD7F228000564BB /* GrokJSON */,
			);
		};
/* End PBXProject section */

/* Begin PBXResourcesBuildPhase section */
		55F8709F1CD7F228000564BB /* Resources */ = {
			isa = PBXResourcesBuildPhase;
			buildActionMask = 2147483647;
			files = (
				55F870AF1CD7F228000564BB /* LaunchScreen.storyboard in Resources */,
				55F870AC1CD7F228000564BB /* Assets.xcassets in Resources */,
				55F870AA1CD7F228000564BB /* Main.storyboard in Resources */,
			);
			runOnlyForDeploymentPostprocessing = 0;
		};
/* End PBXResourcesBuildPhase section */

/* Begin PBXSourcesBuildPhase section */
		55F8709D1CD7F228000564BB /* Sources */ = {
			isa = PBXSourcesBuildPhase;
			buildActionMask = 2147483647;
			files = (
				55F870A71CD7F228000564BB /* MainViewController.swift in Sources */,
				55F870A51CD7F228000564BB /* AppDelegate.swift in Sources */,
			);
			runOnlyForDeploymentPostprocessing = 0;
		};
/* End PBXSourcesBuildPhase section */

/* Begin PBXVariantGroup section */
		55F870A81CD7F228000564BB /* Main.storyboard */ = {
			isa = PBXVariantGroup;
			children = (
				55F870A91CD7F228000564BB /* Base */,
			);
			name = Main.storyboard;
			sourceTree = "<group>";
		};
		55F870AD1CD7F228000564BB /* LaunchScreen.storyboard */ = {
			isa = PBXVariantGroup;
			children = (
				55F870AE1CD7F228000564BB /* Base */,
			);
			name = LaunchScreen.storyboard;
			sourceTree = "<group>";
		};
/* End PBXVariantGroup section */

/* Begin XCBuildConfiguration section */
		55F870B11CD7F228000564BB /* Debug */ = {
			isa = XCBuildConfiguration;
			buildSettings = {
				ALWAYS_SEARCH_USER_PATHS = NO;
				CLANG_ANALYZER_NONNULL = YES;
				CLANG_CXX_LANGUAGE_STANDARD = "gnu++0x";
				CLANG_CXX_LIBRARY = "libc++";
				CLANG_ENABLE_MODULES = YES;
				CLANG_ENABLE_OBJC_ARC = YES;
				CLANG_WARN_BOOL_CONVERSION = YES;
				CLANG_WARN_CONSTANT_CONVERSION = YES;
				CLANG_WARN_DIRECT_OBJC_ISA_USAGE = YES_ERROR;
				CLANG_WARN_EMPTY_BODY = YES;
				CLANG_WARN_ENUM_CONVERSION = YES;
				CLANG_WARN_INT_CONVERSION = YES;
				CLANG_WARN_OBJC_ROOT_CLASS = YES_ERROR;
				CLANG_WARN_UNREACHABLE_CODE = YES;
				CLANG_WARN__DUPLICATE_METHOD_MATCH = YES;
				"CODE_SIGN_IDENTITY[sdk=iphoneos*]" = "iPhone Developer";
				COPY_PHASE_STRIP = NO;
				DEBUG_INFORMATION_FORMAT = dwarf;
				ENABLE_STRICT_OBJC_MSGSEND = YES;
				ENABLE_TESTABILITY = YES;
				GCC_C_LANGUAGE_STANDARD = gnu99;
				GCC_DYNAMIC_NO_PIC = NO;
				GCC_NO_COMMON_BLOCKS = YES;
				GCC_OPTIMIZATION_LEVEL = 0;
				GCC_PREPROCESSOR_DEFINITIONS = (
					"DEBUG=1",
					"$(inherited)",
				);
				GCC_WARN_64_TO_32_BIT_CONVERSION = YES;
				GCC_WARN_ABOUT_RETURN_TYPE = YES_ERROR;
				GCC_WARN_UNDECLARED_SELECTOR = YES;
				GCC_WARN_UNINITIALIZED_AUTOS = YES_AGGRESSIVE;
				GCC_WARN_UNUSED_FUNCTION = YES;
				GCC_WARN_UNUSED_VARIABLE = YES;
				IPHONEOS_DEPLOYMENT_TARGET = 9.3;
				MTL_ENABLE_DEBUG_INFO = YES;
				ONLY_ACTIVE_ARCH = YES;
				SDKROOT = iphoneos;
				SWIFT_OPTIMIZATION_LEVEL = "-Onone";
			};
			name = Debug;
		};
		55F870B21CD7F228000564BB /* Release */ = {
			isa = XCBuildConfiguration;
			buildSettings = {
				ALWAYS_SEARCH_USER_PATHS = NO;
				CLANG_ANALYZER_NONNULL = YES;
				CLANG_CXX_LANGUAGE_STANDARD = "gnu++0x";
				CLANG_CXX_LIBRARY = "libc++";
				CLANG_ENABLE_MODULES = YES;
				CLANG_ENABLE_OBJC_ARC = YES;
				CLANG_WARN_BOOL_CONVERSION = YES;
				CLANG_WARN_CONSTANT_CONVERSION = YES;
				CLANG_WARN_DIRECT_OBJC_ISA_USAGE = YES_ERROR;
				CLANG_WARN_EMPTY_BODY = YES;
				CLANG_WARN_ENUM_CONVERSION = YES;
				CLANG_WARN_INT_CONVERSION = YES;
				CLANG_WARN_OBJC_ROOT_CLASS = YES_ERROR;
				CLANG_WARN_UNREACHABLE_CODE = YES;
				CLANG_WARN__DUPLICATE_METHOD_MATCH = YES;
				"CODE_SIGN_IDENTITY[sdk=iphoneos*]" = "iPhone Developer";
				COPY_PHASE_STRIP = NO;
				DEBUG_INFORMATION_FORMAT = "dwarf-with-dsym";
				ENABLE_NS_ASSERTIONS = NO;
				ENABLE_STRICT_OBJC_MSGSEND = YES;
				GCC_C_LANGUAGE_STANDARD = gnu99;
				GCC_NO_COMMON_BLOCKS = YES;
				GCC_WARN_64_TO_32_BIT_CONVERSION = YES;
				GCC_WARN_ABOUT_RETURN_TYPE = YES_ERROR;
				GCC_WARN_UNDECLARED_SELECTOR = YES;
				GCC_WARN_UNINITIALIZED_AUTOS = YES_AGGRESSIVE;
				GCC_WARN_UNUSED_FUNCTION = YES;
				GCC_WARN_UNUSED_VARIABLE = YES;
				IPHONEOS_DEPLOYMENT_TARGET = 9.3;
				MTL_ENABLE_DEBUG_INFO = NO;
				SDKROOT = iphoneos;
				VALIDATE_PRODUCT = YES;
			};
			name = Release;
		};
		55F870B41CD7F228000564BB /* Debug */ = {
			isa = XCBuildConfiguration;
			buildSettings = {
				ASSETCATALOG_COMPILER_APPICON_NAME = AppIcon;
				INFOPLIST_FILE = GrokJSON/Info.plist;
				LD_RUNPATH_SEARCH_PATHS = "$(inherited) @executable_path/Frameworks";
				PRODUCT_BUNDLE_IDENTIFIER = com.fernandomarins.GrokJSON;
				PRODUCT_NAME = "$(TARGET_NAME)";
			};
			name = Debug;
		};
		55F870B51CD7F228000564BB /* Release */ = {
			isa = XCBuildConfiguration;
			buildSettings = {
				ASSETCATALOG_COMPILER_APPICON_NAME = AppIcon;
				INFOPLIST_FILE = GrokJSON/Info.plist;
				LD_RUNPATH_SEARCH_PATHS = "$(inherited) @executable_path/Frameworks";
				PRODUCT_BUNDLE_IDENTIFIER = com.fernandomarins.GrokJSON;
				PRODUCT_NAME = "$(TARGET_NAME)";
			};
			name = Release;
		};
/* End XCBuildConfiguration section */

/* Begin XCConfigurationList section */
		55F8709C1CD7F228000564BB /* Build configuration list for PBXProject "GrokJSON" */ = {
			isa = XCConfigurationList;
			buildConfigurations = (
				55F870B11CD7F228000564BB /* Debug */,
				55F870B21CD7F228000564BB /* Release */,
			);
			defaultConfigurationIsVisible = 0;
			defaultConfigurationName = Release;
		};
		55F870B31CD7F228000564BB /* Build configuration list for PBXNativeTarget "GrokJSON" */ = {
			isa = XCConfigurationList;
			buildConfigurations = (
				55F870B41CD7F228000564BB /* Debug */,
				55F870B51CD7F228000564BB /* Release */,
			);
			defaultConfigurationIsVisible = 0;
		};
/* End XCConfigurationList section */
	};
	rootObject = 55F870991CD7F228000564BB /* Project object */;
}
